// !$*UTF8*$!
{
	archiveVersion = 1;
	classes = {
	};
	objectVersion = 48;
	objects = {

/* Begin PBXBuildFile section */
		726CD8A5204A85AA00D9F9FA /* Model.swift in Sources */ = {isa = PBXBuildFile; fileRef = 726CD8A4204A85AA00D9F9FA /* Model.swift */; };
		726CD8A7204A8B1900D9F9FA /* Common.swift in Sources */ = {isa = PBXBuildFile; fileRef = 726CD8A6204A8B1900D9F9FA /* Common.swift */; };
		726CD8AA204A8FC700D9F9FA /* SummaryTableViewCell.swift in Sources */ = {isa = PBXBuildFile; fileRef = 726CD8A9204A8FC700D9F9FA /* SummaryTableViewCell.swift */; };
		72BE495F204A6C92009953E7 /* AppDelegate.swift in Sources */ = {isa = PBXBuildFile; fileRef = 72BE495E204A6C92009953E7 /* AppDelegate.swift */; };
		72BE4961204A6C92009953E7 /* ViewController.swift in Sources */ = {isa = PBXBuildFile; fileRef = 72BE4960204A6C92009953E7 /* ViewController.swift */; };
		72BE4964204A6C92009953E7 /* Main.storyboard in Resources */ = {isa = PBXBuildFile; fileRef = 72BE4962204A6C92009953E7 /* Main.storyboard */; };
		72BE4966204A6C92009953E7 /* Assets.xcassets in Resources */ = {isa = PBXBuildFile; fileRef = 72BE4965204A6C92009953E7 /* Assets.xcassets */; };
		72BE4969204A6C92009953E7 /* LaunchScreen.storyboard in Resources */ = {isa = PBXBuildFile; fileRef = 72BE4967204A6C92009953E7 /* LaunchScreen.storyboard */; };
		72FD1694204AACB8007591BB /* ForecastTableViewCell.swift in Sources */ = {isa = PBXBuildFile; fileRef = 72FD1693204AACB8007591BB /* ForecastTableViewCell.swift */; };
		AF44658431AA22CFE80BBB46 /* Pods_SecondWeather.framework in Frameworks */ = {isa = PBXBuildFile; fileRef = 85A9A089D4B621CAE6A45C05 /* Pods_SecondWeather.framework */; };
/* End PBXBuildFile section */

/* Begin PBXFileReference section */
		4A8B462C4398B00180DD9A1E /* Pods-SecondWeather.debug.xcconfig */ = {isa = PBXFileReference; includeInIndex = 1; lastKnownFileType = text.xcconfig; name = "Pods-SecondWeather.debug.xcconfig"; path = "Pods/Target Support Files/Pods-SecondWeather/Pods-SecondWeather.debug.xcconfig"; sourceTree = "<group>"; };
		726CD8A4204A85AA00D9F9FA /* Model.swift */ = {isa = PBXFileReference; lastKnownFileType = sourcecode.swift; path = Model.swift; sourceTree = "<group>"; };
		726CD8A6204A8B1900D9F9FA /* Common.swift */ = {isa = PBXFileReference; lastKnownFileType = sourcecode.swift; path = Common.swift; sourceTree = "<group>"; };
		726CD8A9204A8FC700D9F9FA /* SummaryTableViewCell.swift */ = {isa = PBXFileReference; lastKnownFileType = sourcecode.swift; path = SummaryTableViewCell.swift; sourceTree = "<group>"; };
		72BE495B204A6C92009953E7 /* SecondWeather.app */ = {isa = PBXFileReference; explicitFileType = wrapper.application; includeInIndex = 0; path = SecondWeather.app; sourceTree = BUILT_PRODUCTS_DIR; };
		72BE495E204A6C92009953E7 /* AppDelegate.swift */ = {isa = PBXFileReference; lastKnownFileType = sourcecode.swift; path = AppDelegate.swift; sourceTree = "<group>"; };
		72BE4960204A6C92009953E7 /* ViewController.swift */ = {isa = PBXFileReference; lastKnownFileType = sourcecode.swift; path = ViewController.swift; sourceTree = "<group>"; };
		72BE4963204A6C92009953E7 /* Base */ = {isa = PBXFileReference; lastKnownFileType = file.storyboard; name = Base; path = Base.lproj/Main.storyboard; sourceTree = "<group>"; };
		72BE4965204A6C92009953E7 /* Assets.xcassets */ = {isa = PBXFileReference; lastKnownFileType = folder.assetcatalog; path = Assets.xcassets; sourceTree = "<group>"; };
		72BE4968204A6C92009953E7 /* Base */ = {isa = PBXFileReference; lastKnownFileType = file.storyboard; name = Base; path = Base.lproj/LaunchScreen.storyboard; sourceTree = "<group>"; };
		72BE496A204A6C92009953E7 /* Info.plist */ = {isa = PBXFileReference; lastKnownFileType = text.plist.xml; path = Info.plist; sourceTree = "<group>"; };
		72FD1693204AACB8007591BB /* ForecastTableViewCell.swift */ = {isa = PBXFileReference; lastKnownFileType = sourcecode.swift; path = ForecastTableViewCell.swift; sourceTree = "<group>"; };
		85A9A089D4B621CAE6A45C05 /* Pods_SecondWeather.framework */ = {isa = PBXFileReference; explicitFileType = wrapper.framework; includeInIndex = 0; path = Pods_SecondWeather.framework; sourceTree = BUILT_PRODUCTS_DIR; };
		DBF5574A609D2E8B28C23C2F /* Pods-SecondWeather.release.xcconfig */ = {isa = PBXFileReference; includeInIndex = 1; lastKnownFileType = text.xcconfig; name = "Pods-SecondWeather.release.xcconfig"; path = "Pods/Target Support Files/Pods-SecondWeather/Pods-SecondWeather.release.xcconfig"; sourceTree = "<group>"; };
/* End PBXFileReference section */

/* Begin PBXFrameworksBuildPhase section */
		72BE4958204A6C92009953E7 /* Frameworks */ = {
			isa = PBXFrameworksBuildPhase;
			buildActionMask = 2147483647;
			files = (
				AF44658431AA22CFE80BBB46 /* Pods_SecondWeather.framework in Frameworks */,
			);
			runOnlyForDeploymentPostprocessing = 0;
		};
/* End PBXFrameworksBuildPhase section */

/* Begin PBXGroup section */
		112FF171743051BED6FADADF /* Frameworks */ = {
			isa = PBXGroup;
			children = (
				85A9A089D4B621CAE6A45C05 /* Pods_SecondWeather.framework */,
			);
			name = Frameworks;
			sourceTree = "<group>";
		};
		726CD8A8204A8F4600D9F9FA /* cell */ = {
			isa = PBXGroup;
			children = (
				726CD8A9204A8FC700D9F9FA /* SummaryTableViewCell.swift */,
				72FD1693204AACB8007591BB /* ForecastTableViewCell.swift */,
			);
			path = cell;
			sourceTree = "<group>";
		};
		72BE4952204A6C92009953E7 = {
			isa = PBXGroup;
			children = (
				72BE495D204A6C92009953E7 /* SecondWeather */,
				72BE495C204A6C92009953E7 /* Products */,
				E05197E9345BF597771CEF75 /* Pods */,
				112FF171743051BED6FADADF /* Frameworks */,
			);
			sourceTree = "<group>";
		};
		72BE495C204A6C92009953E7 /* Products */ = {
			isa = PBXGroup;
			children = (
				72BE495B204A6C92009953E7 /* SecondWeather.app */,
			);
			name = Products;
			sourceTree = "<group>";
		};
		72BE495D204A6C92009953E7 /* SecondWeather */ = {
			isa = PBXGroup;
			children = (
				726CD8A8204A8F4600D9F9FA /* cell */,
				72BE495E204A6C92009953E7 /* AppDelegate.swift */,
				72BE4960204A6C92009953E7 /* ViewController.swift */,
				72BE4962204A6C92009953E7 /* Main.storyboard */,
				72BE4965204A6C92009953E7 /* Assets.xcassets */,
				72BE4967204A6C92009953E7 /* LaunchScreen.storyboard */,
				72BE496A204A6C92009953E7 /* Info.plist */,
				726CD8A4204A85AA00D9F9FA /* Model.swift */,
				726CD8A6204A8B1900D9F9FA /* Common.swift */,
			);
			path = SecondWeather;
			sourceTree = "<group>";
		};
		E05197E9345BF597771CEF75 /* Pods */ = {
			isa = PBXGroup;
			children = (
				4A8B462C4398B00180DD9A1E /* Pods-SecondWeather.debug.xcconfig */,
				DBF5574A609D2E8B28C23C2F /* Pods-SecondWeather.release.xcconfig */,
			);
			name = Pods;
			sourceTree = "<group>";
		};
/* End PBXGroup section */

/* Begin PBXNativeTarget section */
		72BE495A204A6C92009953E7 /* SecondWeather */ = {
			isa = PBXNativeTarget;
			buildConfigurationList = 72BE496D204A6C92009953E7 /* Build configuration list for PBXNativeTarget "SecondWeather" */;
			buildPhases = (
				408FEA5C36585A5A5AD477F0 /* [CP] Check Pods Manifest.lock */,
				72BE4957204A6C92009953E7 /* Sources */,
				72BE4958204A6C92009953E7 /* Frameworks */,
				72BE4959204A6C92009953E7 /* Resources */,
				FC3B972341B0A08AF8F3A27E /* [CP] Embed Pods Frameworks */,
				F3CB10457047738C5352DF8D /* [CP] Copy Pods Resources */,
			);
			buildRules = (
			);
			dependencies = (
			);
			name = SecondWeather;
			productName = SecondWeather;
			productReference = 72BE495B204A6C92009953E7 /* SecondWeather.app */;
			productType = "com.apple.product-type.application";
		};
/* End PBXNativeTarget section */

/* Begin PBXProject section */
		72BE4953204A6C92009953E7 /* Project object */ = {
			isa = PBXProject;
			attributes = {
				LastSwiftUpdateCheck = 0920;
				LastUpgradeCheck = 0920;
				ORGANIZATIONNAME = "이수한";
				TargetAttributes = {
					72BE495A204A6C92009953E7 = {
						CreatedOnToolsVersion = 9.2;
						ProvisioningStyle = Automatic;
					};
				};
			};
			buildConfigurationList = 72BE4956204A6C92009953E7 /* Build configuration list for PBXProject "SecondWeather" */;
			compatibilityVersion = "Xcode 8.0";
			developmentRegion = en;
			hasScannedForEncodings = 0;
			knownRegions = (
				en,
				Base,
			);
			mainGroup = 72BE4952204A6C92009953E7;
			productRefGroup = 72BE495C204A6C92009953E7 /* Products */;
			projectDirPath = "";
			projectRoot = "";
			targets = (
				72BE495A204A6C92009953E7 /* SecondWeather */,
			);
		};
/* End PBXProject section */

/* Begin PBXResourcesBuildPhase section */
		72BE4959204A6C92009953E7 /* Resources */ = {
			isa = PBXResourcesBuildPhase;
			buildActionMask = 2147483647;
			files = (
				72BE4969204A6C92009953E7 /* LaunchScreen.storyboard in Resources */,
				72BE4966204A6C92009953E7 /* Assets.xcassets in Resources */,
				72BE4964204A6C92009953E7 /* Main.storyboard in Resources */,
			);
			runOnlyForDeploymentPostprocessing = 0;
		};
/* End PBXResourcesBuildPhase section */

/* Begin PBXShellScriptBuildPhase section */
		408FEA5C36585A5A5AD477F0 /* [CP] Check Pods Manifest.lock */ = {
			isa = PBXShellScriptBuildPhase;
			buildActionMask = 2147483647;
			files = (
			);
			inputPaths = (
				"${PODS_PODFILE_DIR_PATH}/Podfile.lock",
				"${PODS_ROOT}/Manifest.lock",
			);
			name = "[CP] Check Pods Manifest.lock";
			outputPaths = (
				"$(DERIVED_FILE_DIR)/Pods-SecondWeather-checkManifestLockResult.txt",
			);
			runOnlyForDeploymentPostprocessing = 0;
			shellPath = /bin/sh;
			shellScript = "diff \"${PODS_PODFILE_DIR_PATH}/Podfile.lock\" \"${PODS_ROOT}/Manifest.lock\" > /dev/null\nif [ $? != 0 ] ; then\n    # print error to STDERR\n    echo \"error: The sandbox is not in sync with the Podfile.lock. Run 'pod install' or update your CocoaPods installation.\" >&2\n    exit 1\nfi\n# This output is used by Xcode 'outputs' to avoid re-running this script phase.\necho \"SUCCESS\" > \"${SCRIPT_OUTPUT_FILE_0}\"\n";
			showEnvVarsInLog = 0;
		};
		F3CB10457047738C5352DF8D /* [CP] Copy Pods Resources */ = {
			isa = PBXShellScriptBuildPhase;
			buildActionMask = 2147483647;
			files = (
			);
			inputPaths = (
			);
			name = "[CP] Copy Pods Resources";
			outputPaths = (
			);
			runOnlyForDeploymentPostprocessing = 0;
			shellPath = /bin/sh;
			shellScript = "\"${SRCROOT}/Pods/Target Support Files/Pods-SecondWeather/Pods-SecondWeather-resources.sh\"\n";
			showEnvVarsInLog = 0;
		};
		FC3B972341B0A08AF8F3A27E /* [CP] Embed Pods Frameworks */ = {
			isa = PBXShellScriptBuildPhase;
			buildActionMask = 2147483647;
			files = (
			);
			inputPaths = (
				"${SRCROOT}/Pods/Target Support Files/Pods-SecondWeather/Pods-SecondWeather-frameworks.sh",
				"${BUILT_PRODUCTS_DIR}/Alamofire/Alamofire.framework",
				"${BUILT_PRODUCTS_DIR}/SwiftyJSON/SwiftyJSON.framework",
			);
			name = "[CP] Embed Pods Frameworks";
			outputPaths = (
				"${TARGET_BUILD_DIR}/${FRAMEWORKS_FOLDER_PATH}/Alamofire.framework",
				"${TARGET_BUILD_DIR}/${FRAMEWORKS_FOLDER_PATH}/SwiftyJSON.framework",
			);
			runOnlyForDeploymentPostprocessing = 0;
			shellPath = /bin/sh;
			shellScript = "\"${SRCROOT}/Pods/Target Support Files/Pods-SecondWeather/Pods-SecondWeather-frameworks.sh\"\n";
			showEnvVarsInLog = 0;
		};
/* End PBXShellScriptBuildPhase section */

/* Begin PBXSourcesBuildPhase section */
		72BE4957204A6C92009953E7 /* Sources */ = {
			isa = PBXSourcesBuildPhase;
			buildActionMask = 2147483647;
			files = (
				72FD1694204AACB8007591BB /* ForecastTableViewCell.swift in Sources */,
				726CD8A7204A8B1900D9F9FA /* Common.swift in Sources */,
				726CD8A5204A85AA00D9F9FA /* Model.swift in Sources */,
				72BE4961204A6C92009953E7 /* ViewController.swift in Sources */,
				726CD8AA204A8FC700D9F9FA /* SummaryTableViewCell.swift in Sources */,
				72BE495F204A6C92009953E7 /* AppDelegate.swift in Sources */,
			);
			runOnlyForDeploymentPostprocessing = 0;
		};
/* End PBXSourcesBuildPhase section */

/* Begin PBXVariantGroup section */
		72BE4962204A6C92009953E7 /* Main.storyboard */ = {
			isa = PBXVariantGroup;
			children = (
				72BE4963204A6C92009953E7 /* Base */,
			);
			name = Main.storyboard;
			sourceTree = "<group>";
		};
		72BE4967204A6C92009953E7 /* LaunchScreen.storyboard */ = {
			isa = PBXVariantGroup;
			children = (
				72BE4968204A6C92009953E7 /* Base */,
			);
			name = LaunchScreen.storyboard;
			sourceTree = "<group>";
		};
/* End PBXVariantGroup section */

/* Begin XCBuildConfiguration section */
		72BE496B204A6C92009953E7 /* Debug */ = {
			isa = XCBuildConfiguration;
			buildSettings = {
				ALWAYS_SEARCH_USER_PATHS = NO;
				CLANG_ANALYZER_NONNULL = YES;
				CLANG_ANALYZER_NUMBER_OBJECT_CONVERSION = YES_AGGRESSIVE;
				CLANG_CXX_LANGUAGE_STANDARD = "gnu++14";
				CLANG_CXX_LIBRARY = "libc++";
				CLANG_ENABLE_MODULES = YES;
				CLANG_ENABLE_OBJC_ARC = YES;
				CLANG_WARN_BLOCK_CAPTURE_AUTORELEASING = YES;
				CLANG_WARN_BOOL_CONVERSION = YES;
				CLANG_WARN_COMMA = YES;
				CLANG_WARN_CONSTANT_CONVERSION = YES;
				CLANG_WARN_DIRECT_OBJC_ISA_USAGE = YES_ERROR;
				CLANG_WARN_DOCUMENTATION_COMMENTS = YES;
				CLANG_WARN_EMPTY_BODY = YES;
				CLANG_WARN_ENUM_CONVERSION = YES;
				CLANG_WARN_INFINITE_RECURSION = YES;
				CLANG_WARN_INT_CONVERSION = YES;
				CLANG_WARN_NON_LITERAL_NULL_CONVERSION = YES;
				CLANG_WARN_OBJC_LITERAL_CONVERSION = YES;
				CLANG_WARN_OBJC_ROOT_CLASS = YES_ERROR;
				CLANG_WARN_RANGE_LOOP_ANALYSIS = YES;
				CLANG_WARN_STRICT_PROTOTYPES = YES;
				CLANG_WARN_SUSPICIOUS_MOVE = YES;
				CLANG_WARN_UNGUARDED_AVAILABILITY = YES_AGGRESSIVE;
				CLANG_WARN_UNREACHABLE_CODE = YES;
				CLANG_WARN__DUPLICATE_METHOD_MATCH = YES;
				CODE_SIGN_IDENTITY = "iPhone Developer";
				COPY_PHASE_STRIP = NO;
				DEBUG_INFORMATION_FORMAT = dwarf;
				ENABLE_STRICT_OBJC_MSGSEND = YES;
				ENABLE_TESTABILITY = YES;
				GCC_C_LANGUAGE_STANDARD = gnu11;
				GCC_DYNAMIC_NO_PIC = NO;
				GCC_NO_COMMON_BLOCKS = YES;
				GCC_OPTIMIZATION_LEVEL = 0;
				GCC_PREPROCESSOR_DEFINITIONS = (
					"DEBUG=1",
					"$(inherited)",
				);
				GCC_WARN_64_TO_32_BIT_CONVERSION = YES;
				GCC_WARN_ABOUT_RETURN_TYPE = YES_ERROR;
				GCC_WARN_UNDECLARED_SELECTOR = YES;
				GCC_WARN_UNINITIALIZED_AUTOS = YES_AGGRESSIVE;
				GCC_WARN_UNUSED_FUNCTION = YES;
				GCC_WARN_UNUSED_VARIABLE = YES;
				IPHONEOS_DEPLOYMENT_TARGET = 11.2;
				MTL_ENABLE_DEBUG_INFO = YES;
				ONLY_ACTIVE_ARCH = YES;
				SDKROOT = iphoneos;
				SWIFT_ACTIVE_COMPILATION_CONDITIONS = DEBUG;
				SWIFT_OPTIMIZATION_LEVEL = "-Onone";
			};
			name = Debug;
		};
		72BE496C204A6C92009953E7 /* Release */ = {
			isa = XCBuildConfiguration;
			buildSettings = {
				ALWAYS_SEARCH_USER_PATHS = NO;
				CLANG_ANALYZER_NONNULL = YES;
				CLANG_ANALYZER_NUMBER_OBJECT_CONVERSION = YES_AGGRESSIVE;
				CLANG_CXX_LANGUAGE_STANDARD = "gnu++14";
				CLANG_CXX_LIBRARY = "libc++";
				CLANG_ENABLE_MODULES = YES;
				CLANG_ENABLE_OBJC_ARC = YES;
				CLANG_WARN_BLOCK_CAPTURE_AUTORELEASING = YES;
				CLANG_WARN_BOOL_CONVERSION = YES;
				CLANG_WARN_COMMA = YES;
				CLANG_WARN_CONSTANT_CONVERSION = YES;
				CLANG_WARN_DIRECT_OBJC_ISA_USAGE = YES_ERROR;
				CLANG_WARN_DOCUMENTATION_COMMENTS = YES;
				CLANG_WARN_EMPTY_BODY = YES;
				CLANG_WARN_ENUM_CONVERSION = YES;
				CLANG_WARN_INFINITE_RECURSION = YES;
				CLANG_WARN_INT_CONVERSION = YES;
				CLANG_WARN_NON_LITERAL_NULL_CONVERSION = YES;
				CLANG_WARN_OBJC_LITERAL_CONVERSION = YES;
				CLANG_WARN_OBJC_ROOT_CLASS = YES_ERROR;
				CLANG_WARN_RANGE_LOOP_ANALYSIS = YES;
				CLANG_WARN_STRICT_PROTOTYPES = YES;
				CLANG_WARN_SUSPICIOUS_MOVE = YES;
				CLANG_WARN_UNGUARDED_AVAILABILITY = YES_AGGRESSIVE;
				CLANG_WARN_UNREACHABLE_CODE = YES;
				CLANG_WARN__DUPLICATE_METHOD_MATCH = YES;
				CODE_SIGN_IDENTITY = "iPhone Developer";
				COPY_PHASE_STRIP = NO;
				DEBUG_INFORMATION_FORMAT = "dwarf-with-dsym";
				ENABLE_NS_ASSERTIONS = NO;
				ENABLE_STRICT_OBJC_MSGSEND = YES;
				GCC_C_LANGUAGE_STANDARD = gnu11;
				GCC_NO_COMMON_BLOCKS = YES;
				GCC_WARN_64_TO_32_BIT_CONVERSION = YES;
				GCC_WARN_ABOUT_RETURN_TYPE = YES_ERROR;
				GCC_WARN_UNDECLARED_SELECTOR = YES;
				GCC_WARN_UNINITIALIZED_AUTOS = YES_AGGRESSIVE;
				GCC_WARN_UNUSED_FUNCTION = YES;
				GCC_WARN_UNUSED_VARIABLE = YES;
				IPHONEOS_DEPLOYMENT_TARGET = 11.2;
				MTL_ENABLE_DEBUG_INFO = NO;
				SDKROOT = iphoneos;
				SWIFT_OPTIMIZATION_LEVEL = "-Owholemodule";
				VALIDATE_PRODUCT = YES;
			};
			name = Release;
		};
		72BE496E204A6C92009953E7 /* Debug */ = {
			isa = XCBuildConfiguration;
			baseConfigurationReference = 4A8B462C4398B00180DD9A1E /* Pods-SecondWeather.debug.xcconfig */;
			buildSettings = {
				ASSETCATALOG_COMPILER_APPICON_NAME = AppIcon;
				CODE_SIGN_STYLE = Automatic;
				DEVELOPMENT_TEAM = 57MK6AU6EZ;
				INFOPLIST_FILE = SecondWeather/Info.plist;
				LD_RUNPATH_SEARCH_PATHS = "$(inherited) @executable_path/Frameworks";
				PRODUCT_BUNDLE_IDENTIFIER = com.soohan.SecondWeather;
				PRODUCT_NAME = "$(TARGET_NAME)";
				SWIFT_VERSION = 4.0;
				TARGETED_DEVICE_FAMILY = "1,2";
			};
			name = Debug;
		};
		72BE496F204A6C92009953E7 /* Release */ = {
			isa = XCBuildConfiguration;
			baseConfigurationReference = DBF5574A609D2E8B28C23C2F /* Pods-SecondWeather.release.xcconfig */;
			buildSettings = {
				ASSETCATALOG_COMPILER_APPICON_NAME = AppIcon;
				CODE_SIGN_STYLE = Automatic;
				DEVELOPMENT_TEAM = 57MK6AU6EZ;
				INFOPLIST_FILE = SecondWeather/Info.plist;
				LD_RUNPATH_SEARCH_PATHS = "$(inherited) @executable_path/Frameworks";
				PRODUCT_BUNDLE_IDENTIFIER = com.soohan.SecondWeather;
				PRODUCT_NAME = "$(TARGET_NAME)";
				SWIFT_VERSION = 4.0;
				TARGETED_DEVICE_FAMILY = "1,2";
			};
			name = Release;
		};
/* End XCBuildConfiguration section */

/* Begin XCConfigurationList section */
		72BE4956204A6C92009953E7 /* Build configuration list for PBXProject "SecondWeather" */ = {
			isa = XCConfigurationList;
			buildConfigurations = (
				72BE496B204A6C92009953E7 /* Debug */,
				72BE496C204A6C92009953E7 /* Release */,
			);
			defaultConfigurationIsVisible = 0;
			defaultConfigurationName = Release;
		};
		72BE496D204A6C92009953E7 /* Build configuration list for PBXNativeTarget "SecondWeather" */ = {
			isa = XCConfigurationList;
			buildConfigurations = (
				72BE496E204A6C92009953E7 /* Debug */,
				72BE496F204A6C92009953E7 /* Release */,
			);
			defaultConfigurationIsVisible = 0;
			defaultConfigurationName = Release;
		};
/* End XCConfigurationList section */
	};
	rootObject = 72BE4953204A6C92009953E7 /* Project object */;
}
